# This file is autogenerated, do not edit; changes may be undone by the next 'dep ensure'.


[[projects]]
  name = "github.com/abbot/go-http-auth"
  packages = ["."]
  revision = "0ddd408d5d60ea76e320503cc7dd091992dee608"
  version = "v0.4.0"

[[projects]]
  name = "github.com/beevik/etree"
  packages = ["."]
  revision = "15a30b44cfd6c5a16a7ddfe271bf146aaf2d3195"
  version = "v1.0.0"

[[projects]]
  name = "github.com/laurent22/ical-go"
  packages = ["ical"]
  revision = "4811ac5553eae5fed7cd5d7a9024727f1311b2a2"
  version = "v0.1.0"

[[projects]]
  name = "github.com/samedi/caldav-go"
  packages = [
    ".",
    "data",
    "errs",
    "files",
    "global",
    "handlers",
    "ixml",
    "lib"
  ]
  revision = "4d45d84038c6026578b403ceff7d3081dcd84efd"
  version = "v3.0.0"

[[projects]]
  branch = "master"
  name = "golang.org/x/crypto"
  packages = [
    "bcrypt",
    "blowfish"
  ]
  revision = "12892e8c234f4fe6f6803f052061de9057903bb2"

[[projects]]
  branch = "master"
  name = "golang.org/x/net"
  packages = [
    "context",
    "webdav",
    "webdav/internal/xml"
  ]
  revision = "b68f30494add4df6bd8ef5e82803f308e7f7c59c"

[solve-meta]
  analyzer-name = "dep"
  analyzer-version = 1
  inputs-digest = "65e0b2109be1138b841139e4bf266a60b62dc0e84d2ab6dc9785ea94b766074c"
  solver-name = "gps-cdcl"
  solver-version = 1
